
Microsoft Visual Studio Solution File, Format Version 12.00
# Visual Studio Version 17
VisualStudioVersion = 17.1.32414.318
MinimumVisualStudioVersion = 10.0.40219.1
Project("{9A19103F-16F7-4668-BE54-9A1E7A4F7556}") = "Examination.API", "src\Services\Examination\Examination.API\Examination.API.csproj", "{F1D07E18-F289-423D-B64F-A3B8038C819B}"
EndProject
Project("{9A19103F-16F7-4668-BE54-9A1E7A4F7556}") = "Examination.Application", "src\Services\Examination\Examination.Application\Examination.Application.csproj", "{AF3DB3C0-65C2-48D3-B14C-CDABB2E4828C}"
EndProject
Project("{9A19103F-16F7-4668-BE54-9A1E7A4F7556}") = "Examination.Infrastructure", "src\Services\Examination\Examination.Infrastructure\Examination.Infrastructure.csproj", "{834CA28F-FF60-4A80-A05C-D597AABBFD9F}"
EndProject
Project("{2150E333-8FDC-42A3-9474-1A3956D46DE8}") = "Examination", "Examination", "{04593F17-1570-4DE1-8D05-5F085E294502}"
EndProject
Project("{9A19103F-16F7-4668-BE54-9A1E7A4F7556}") = "Examination.Domain", "src\Services\Examination\Examination.Domain\Examination.Domain.csproj", "{833E2153-56C4-43F0-B7CA-4418AB627DDC}"
EndProject
Project("{2150E333-8FDC-42A3-9474-1A3956D46DE8}") = "IdentityServer", "IdentityServer", "{9D10A31A-97D4-4117-8CDC-ED14F6FDA98B}"
EndProject
Project("{E53339B2-1760-4266-BCC7-CA923CBCF16C}") = "docker-compose", "docker-compose.dcproj", "{84E4D50B-F541-45FB-A3D0-B18DE80139D4}"
EndProject
Project("{2150E333-8FDC-42A3-9474-1A3956D46DE8}") = "BuildingBlocks", "BuildingBlocks", "{285AFCDA-5824-4F94-9EA5-CB0AFC3EBB3A}"
EndProject
Project("{9A19103F-16F7-4668-BE54-9A1E7A4F7556}") = "Examination.Dtos", "src\BuildingBlocks\Examination.Dtos\Examination.Dtos.csproj", "{7D9CEA46-A226-477E-90BC-F7C3A696CD4E}"
EndProject
Project("{9A19103F-16F7-4668-BE54-9A1E7A4F7556}") = "IdentityServer.Admin", "src\Services\Identity\IdentityServer.Admin\IdentityServer.Admin.csproj", "{3B81718B-B346-4BC8-9636-559BE06B6DDB}"
EndProject
Project("{9A19103F-16F7-4668-BE54-9A1E7A4F7556}") = "IdentityServer.Admin.Api", "src\Services\Identity\IdentityServer.Admin.Api\IdentityServer.Admin.Api.csproj", "{5F9ECD3F-4DA3-48CE-A80B-04B369349988}"
EndProject
Project("{9A19103F-16F7-4668-BE54-9A1E7A4F7556}") = "IdentityServer.Admin.EntityFramework.Shared", "src\Services\Identity\IdentityServer.Admin.EntityFramework.Shared\IdentityServer.Admin.EntityFramework.Shared.csproj", "{90D08658-902E-4B3D-89D5-23D327E46E0B}"
EndProject
Project("{9A19103F-16F7-4668-BE54-9A1E7A4F7556}") = "IdentityServer.Shared", "src\Services\Identity\IdentityServer.Shared\IdentityServer.Shared.csproj", "{2E7AB749-337B-4A25-B938-FF1B43A96047}"
EndProject
Project("{9A19103F-16F7-4668-BE54-9A1E7A4F7556}") = "IdentityServer.STS.Identity", "src\Services\Identity\IdentityServer.STS.Identity\IdentityServer.STS.Identity.csproj", "{1827172B-1AEF-44CE-B2F9-7C2657A65432}"
EndProject
Project("{9A19103F-16F7-4668-BE54-9A1E7A4F7556}") = "IdentityServer.Admin.EntityFramework.PostgreSQL", "src\Services\Identity\IdentityServer.Admin.EntityFramework.PostgreSQL\IdentityServer.Admin.EntityFramework.PostgreSQL.csproj", "{70DEBAC1-946D-4377-9213-F662E91CED23}"
EndProject
Project("{2150E333-8FDC-42A3-9474-1A3956D46DE8}") = "WebApps", "WebApps", "{2C191222-87B2-429C-B2E9-8674B7FF4A43}"
EndProject
Project("{9A19103F-16F7-4668-BE54-9A1E7A4F7556}") = "AdminApp", "src\AdminApp\AdminApp.csproj", "{EC9E5A35-95E5-4A0A-8071-8ADF26FD1150}"
EndProject
Global
	GlobalSection(SolutionConfigurationPlatforms) = preSolution
		Debug|Any CPU = Debug|Any CPU
		Release|Any CPU = Release|Any CPU
	EndGlobalSection
	GlobalSection(ProjectConfigurationPlatforms) = postSolution
		{F1D07E18-F289-423D-B64F-A3B8038C819B}.Debug|Any CPU.ActiveCfg = Debug|Any CPU
		{F1D07E18-F289-423D-B64F-A3B8038C819B}.Debug|Any CPU.Build.0 = Debug|Any CPU
		{F1D07E18-F289-423D-B64F-A3B8038C819B}.Release|Any CPU.ActiveCfg = Release|Any CPU
		{F1D07E18-F289-423D-B64F-A3B8038C819B}.Release|Any CPU.Build.0 = Release|Any CPU
		{AF3DB3C0-65C2-48D3-B14C-CDABB2E4828C}.Debug|Any CPU.ActiveCfg = Debug|Any CPU
		{AF3DB3C0-65C2-48D3-B14C-CDABB2E4828C}.Debug|Any CPU.Build.0 = Debug|Any CPU
		{AF3DB3C0-65C2-48D3-B14C-CDABB2E4828C}.Release|Any CPU.ActiveCfg = Release|Any CPU
		{AF3DB3C0-65C2-48D3-B14C-CDABB2E4828C}.Release|Any CPU.Build.0 = Release|Any CPU
		{834CA28F-FF60-4A80-A05C-D597AABBFD9F}.Debug|Any CPU.ActiveCfg = Debug|Any CPU
		{834CA28F-FF60-4A80-A05C-D597AABBFD9F}.Debug|Any CPU.Build.0 = Debug|Any CPU
		{834CA28F-FF60-4A80-A05C-D597AABBFD9F}.Release|Any CPU.ActiveCfg = Release|Any CPU
		{834CA28F-FF60-4A80-A05C-D597AABBFD9F}.Release|Any CPU.Build.0 = Release|Any CPU
		{833E2153-56C4-43F0-B7CA-4418AB627DDC}.Debug|Any CPU.ActiveCfg = Debug|Any CPU
		{833E2153-56C4-43F0-B7CA-4418AB627DDC}.Debug|Any CPU.Build.0 = Debug|Any CPU
		{833E2153-56C4-43F0-B7CA-4418AB627DDC}.Release|Any CPU.ActiveCfg = Release|Any CPU
		{833E2153-56C4-43F0-B7CA-4418AB627DDC}.Release|Any CPU.Build.0 = Release|Any CPU
		{84E4D50B-F541-45FB-A3D0-B18DE80139D4}.Debug|Any CPU.ActiveCfg = Debug|Any CPU
		{84E4D50B-F541-45FB-A3D0-B18DE80139D4}.Debug|Any CPU.Build.0 = Debug|Any CPU
		{84E4D50B-F541-45FB-A3D0-B18DE80139D4}.Release|Any CPU.ActiveCfg = Release|Any CPU
		{84E4D50B-F541-45FB-A3D0-B18DE80139D4}.Release|Any CPU.Build.0 = Release|Any CPU
		{7D9CEA46-A226-477E-90BC-F7C3A696CD4E}.Debug|Any CPU.ActiveCfg = Debug|Any CPU
		{7D9CEA46-A226-477E-90BC-F7C3A696CD4E}.Debug|Any CPU.Build.0 = Debug|Any CPU
		{7D9CEA46-A226-477E-90BC-F7C3A696CD4E}.Release|Any CPU.ActiveCfg = Release|Any CPU
		{7D9CEA46-A226-477E-90BC-F7C3A696CD4E}.Release|Any CPU.Build.0 = Release|Any CPU
		{3B81718B-B346-4BC8-9636-559BE06B6DDB}.Debug|Any CPU.ActiveCfg = Debug|Any CPU
		{3B81718B-B346-4BC8-9636-559BE06B6DDB}.Debug|Any CPU.Build.0 = Debug|Any CPU
		{3B81718B-B346-4BC8-9636-559BE06B6DDB}.Release|Any CPU.ActiveCfg = Release|Any CPU
		{3B81718B-B346-4BC8-9636-559BE06B6DDB}.Release|Any CPU.Build.0 = Release|Any CPU
		{5F9ECD3F-4DA3-48CE-A80B-04B369349988}.Debug|Any CPU.ActiveCfg = Debug|Any CPU
		{5F9ECD3F-4DA3-48CE-A80B-04B369349988}.Debug|Any CPU.Build.0 = Debug|Any CPU
		{5F9ECD3F-4DA3-48CE-A80B-04B369349988}.Release|Any CPU.ActiveCfg = Release|Any CPU
		{5F9ECD3F-4DA3-48CE-A80B-04B369349988}.Release|Any CPU.Build.0 = Release|Any CPU
		{90D08658-902E-4B3D-89D5-23D327E46E0B}.Debug|Any CPU.ActiveCfg = Debug|Any CPU
		{90D08658-902E-4B3D-89D5-23D327E46E0B}.Debug|Any CPU.Build.0 = Debug|Any CPU
		{90D08658-902E-4B3D-89D5-23D327E46E0B}.Release|Any CPU.ActiveCfg = Release|Any CPU
		{90D08658-902E-4B3D-89D5-23D327E46E0B}.Release|Any CPU.Build.0 = Release|Any CPU
		{2E7AB749-337B-4A25-B938-FF1B43A96047}.Debug|Any CPU.ActiveCfg = Debug|Any CPU
		{2E7AB749-337B-4A25-B938-FF1B43A96047}.Debug|Any CPU.Build.0 = Debug|Any CPU
		{2E7AB749-337B-4A25-B938-FF1B43A96047}.Release|Any CPU.ActiveCfg = Release|Any CPU
		{2E7AB749-337B-4A25-B938-FF1B43A96047}.Release|Any CPU.Build.0 = Release|Any CPU
		{1827172B-1AEF-44CE-B2F9-7C2657A65432}.Debug|Any CPU.ActiveCfg = Debug|Any CPU
		{1827172B-1AEF-44CE-B2F9-7C2657A65432}.Debug|Any CPU.Build.0 = Debug|Any CPU
		{1827172B-1AEF-44CE-B2F9-7C2657A65432}.Release|Any CPU.ActiveCfg = Release|Any CPU
		{1827172B-1AEF-44CE-B2F9-7C2657A65432}.Release|Any CPU.Build.0 = Release|Any CPU
		{70DEBAC1-946D-4377-9213-F662E91CED23}.Debug|Any CPU.ActiveCfg = Debug|Any CPU
		{70DEBAC1-946D-4377-9213-F662E91CED23}.Debug|Any CPU.Build.0 = Debug|Any CPU
		{70DEBAC1-946D-4377-9213-F662E91CED23}.Release|Any CPU.ActiveCfg = Release|Any CPU
		{70DEBAC1-946D-4377-9213-F662E91CED23}.Release|Any CPU.Build.0 = Release|Any CPU
		{EC9E5A35-95E5-4A0A-8071-8ADF26FD1150}.Debug|Any CPU.ActiveCfg = Debug|Any CPU
		{EC9E5A35-95E5-4A0A-8071-8ADF26FD1150}.Debug|Any CPU.Build.0 = Debug|Any CPU
		{EC9E5A35-95E5-4A0A-8071-8ADF26FD1150}.Release|Any CPU.ActiveCfg = Release|Any CPU
		{EC9E5A35-95E5-4A0A-8071-8ADF26FD1150}.Release|Any CPU.Build.0 = Release|Any CPU
	EndGlobalSection
	GlobalSection(SolutionProperties) = preSolution
		HideSolutionNode = FALSE
	EndGlobalSection
	GlobalSection(NestedProjects) = preSolution
		{F1D07E18-F289-423D-B64F-A3B8038C819B} = {04593F17-1570-4DE1-8D05-5F085E294502}
		{AF3DB3C0-65C2-48D3-B14C-CDABB2E4828C} = {04593F17-1570-4DE1-8D05-5F085E294502}
		{834CA28F-FF60-4A80-A05C-D597AABBFD9F} = {04593F17-1570-4DE1-8D05-5F085E294502}
		{833E2153-56C4-43F0-B7CA-4418AB627DDC} = {04593F17-1570-4DE1-8D05-5F085E294502}
		{7D9CEA46-A226-477E-90BC-F7C3A696CD4E} = {285AFCDA-5824-4F94-9EA5-CB0AFC3EBB3A}
		{3B81718B-B346-4BC8-9636-559BE06B6DDB} = {9D10A31A-97D4-4117-8CDC-ED14F6FDA98B}
		{5F9ECD3F-4DA3-48CE-A80B-04B369349988} = {9D10A31A-97D4-4117-8CDC-ED14F6FDA98B}
		{90D08658-902E-4B3D-89D5-23D327E46E0B} = {9D10A31A-97D4-4117-8CDC-ED14F6FDA98B}
		{2E7AB749-337B-4A25-B938-FF1B43A96047} = {9D10A31A-97D4-4117-8CDC-ED14F6FDA98B}
		{1827172B-1AEF-44CE-B2F9-7C2657A65432} = {9D10A31A-97D4-4117-8CDC-ED14F6FDA98B}
		{70DEBAC1-946D-4377-9213-F662E91CED23} = {9D10A31A-97D4-4117-8CDC-ED14F6FDA98B}
		{EC9E5A35-95E5-4A0A-8071-8ADF26FD1150} = {2C191222-87B2-429C-B2E9-8674B7FF4A43}
	EndGlobalSection
	GlobalSection(ExtensibilityGlobals) = postSolution
		SolutionGuid = {2E6CFDDC-0D95-4110-80A0-39505278BED9}
	EndGlobalSection
EndGlobal
