
Microsoft Visual Studio Solution File, Format Version 12.00
# Visual Studio Version 17
VisualStudioVersion = 17.1.32414.318
MinimumVisualStudioVersion = 10.0.40219.1
Project("{9A19103F-16F7-4668-BE54-9A1E7A4F7556}") = "Examination.API", "src\Services\Examination\Examination.API\Examination.API.csproj", "{F1D07E18-F289-423D-B64F-A3B8038C819B}"
EndProject
Project("{9A19103F-16F7-4668-BE54-9A1E7A4F7556}") = "Examination.Application", "src\Services\Examination\Examination.Application\Examination.Application.csproj", "{AF3DB3C0-65C2-48D3-B14C-CDABB2E4828C}"
EndProject
Project("{9A19103F-16F7-4668-BE54-9A1E7A4F7556}") = "Examination.Infrastructure", "src\Services\Examination\Examination.Infrastructure\Examination.Infrastructure.csproj", "{834CA28F-FF60-4A80-A05C-D597AABBFD9F}"
EndProject
Project("{2150E333-8FDC-42A3-9474-1A3956D46DE8}") = "Examination", "Examination", "{04593F17-1570-4DE1-8D05-5F085E294502}"
EndProject
Project("{9A19103F-16F7-4668-BE54-9A1E7A4F7556}") = "Examination.Domain", "src\Services\Examination\Examination.Domain\Examination.Domain.csproj", "{833E2153-56C4-43F0-B7CA-4418AB627DDC}"
EndProject
Project("{2150E333-8FDC-42A3-9474-1A3956D46DE8}") = "Identity", "Identity", "{9D10A31A-97D4-4117-8CDC-ED14F6FDA98B}"
EndProject
Project("{9A19103F-16F7-4668-BE54-9A1E7A4F7556}") = "Identity.API", "src\Services\Identity\Identity.API\Identity.API.csproj", "{1277B38E-4BC1-4877-AE2F-8A0E50720BC8}"
EndProject
Project("{E53339B2-1760-4266-BCC7-CA923CBCF16C}") = "docker-compose", "docker-compose.dcproj", "{84E4D50B-F541-45FB-A3D0-B18DE80139D4}"
EndProject
Global
	GlobalSection(SolutionConfigurationPlatforms) = preSolution
		Debug|Any CPU = Debug|Any CPU
		Release|Any CPU = Release|Any CPU
	EndGlobalSection
	GlobalSection(ProjectConfigurationPlatforms) = postSolution
		{F1D07E18-F289-423D-B64F-A3B8038C819B}.Debug|Any CPU.ActiveCfg = Debug|Any CPU
		{F1D07E18-F289-423D-B64F-A3B8038C819B}.Debug|Any CPU.Build.0 = Debug|Any CPU
		{F1D07E18-F289-423D-B64F-A3B8038C819B}.Release|Any CPU.ActiveCfg = Release|Any CPU
		{F1D07E18-F289-423D-B64F-A3B8038C819B}.Release|Any CPU.Build.0 = Release|Any CPU
		{AF3DB3C0-65C2-48D3-B14C-CDABB2E4828C}.Debug|Any CPU.ActiveCfg = Debug|Any CPU
		{AF3DB3C0-65C2-48D3-B14C-CDABB2E4828C}.Debug|Any CPU.Build.0 = Debug|Any CPU
		{AF3DB3C0-65C2-48D3-B14C-CDABB2E4828C}.Release|Any CPU.ActiveCfg = Release|Any CPU
		{AF3DB3C0-65C2-48D3-B14C-CDABB2E4828C}.Release|Any CPU.Build.0 = Release|Any CPU
		{834CA28F-FF60-4A80-A05C-D597AABBFD9F}.Debug|Any CPU.ActiveCfg = Debug|Any CPU
		{834CA28F-FF60-4A80-A05C-D597AABBFD9F}.Debug|Any CPU.Build.0 = Debug|Any CPU
		{834CA28F-FF60-4A80-A05C-D597AABBFD9F}.Release|Any CPU.ActiveCfg = Release|Any CPU
		{834CA28F-FF60-4A80-A05C-D597AABBFD9F}.Release|Any CPU.Build.0 = Release|Any CPU
		{833E2153-56C4-43F0-B7CA-4418AB627DDC}.Debug|Any CPU.ActiveCfg = Debug|Any CPU
		{833E2153-56C4-43F0-B7CA-4418AB627DDC}.Debug|Any CPU.Build.0 = Debug|Any CPU
		{833E2153-56C4-43F0-B7CA-4418AB627DDC}.Release|Any CPU.ActiveCfg = Release|Any CPU
		{833E2153-56C4-43F0-B7CA-4418AB627DDC}.Release|Any CPU.Build.0 = Release|Any CPU
		{1277B38E-4BC1-4877-AE2F-8A0E50720BC8}.Debug|Any CPU.ActiveCfg = Debug|Any CPU
		{1277B38E-4BC1-4877-AE2F-8A0E50720BC8}.Debug|Any CPU.Build.0 = Debug|Any CPU
		{1277B38E-4BC1-4877-AE2F-8A0E50720BC8}.Release|Any CPU.ActiveCfg = Release|Any CPU
		{1277B38E-4BC1-4877-AE2F-8A0E50720BC8}.Release|Any CPU.Build.0 = Release|Any CPU
		{84E4D50B-F541-45FB-A3D0-B18DE80139D4}.Debug|Any CPU.ActiveCfg = Debug|Any CPU
		{84E4D50B-F541-45FB-A3D0-B18DE80139D4}.Debug|Any CPU.Build.0 = Debug|Any CPU
		{84E4D50B-F541-45FB-A3D0-B18DE80139D4}.Release|Any CPU.ActiveCfg = Release|Any CPU
		{84E4D50B-F541-45FB-A3D0-B18DE80139D4}.Release|Any CPU.Build.0 = Release|Any CPU
	EndGlobalSection
	GlobalSection(SolutionProperties) = preSolution
		HideSolutionNode = FALSE
	EndGlobalSection
	GlobalSection(NestedProjects) = preSolution
		{F1D07E18-F289-423D-B64F-A3B8038C819B} = {04593F17-1570-4DE1-8D05-5F085E294502}
		{AF3DB3C0-65C2-48D3-B14C-CDABB2E4828C} = {04593F17-1570-4DE1-8D05-5F085E294502}
		{834CA28F-FF60-4A80-A05C-D597AABBFD9F} = {04593F17-1570-4DE1-8D05-5F085E294502}
		{833E2153-56C4-43F0-B7CA-4418AB627DDC} = {04593F17-1570-4DE1-8D05-5F085E294502}
		{1277B38E-4BC1-4877-AE2F-8A0E50720BC8} = {9D10A31A-97D4-4117-8CDC-ED14F6FDA98B}
	EndGlobalSection
	GlobalSection(ExtensibilityGlobals) = postSolution
		SolutionGuid = {2E6CFDDC-0D95-4110-80A0-39505278BED9}
	EndGlobalSection
EndGlobal
